
Microsoft Visual Studio Solution File, Format Version 12.00
# Visual Studio Version 17
VisualStudioVersion = 17.5.33414.496
MinimumVisualStudioVersion = 10.0.40219.1
Project("{FAE04EC0-301F-11D3-BF4B-00C04F79EFBC}") = "PicturesDrop", "PicturesDrop\PicturesDrop.csproj", "{690DD6FB-395A-4C39-8E7D-C94D50DCEA40}"
EndProject
Global
	GlobalSection(SolutionConfigurationPlatforms) = preSolution
		Debug|Any CPU = Debug|Any CPU
		Release|Any CPU = Release|Any CPU
	EndGlobalSection
	GlobalSection(ProjectConfigurationPlatforms) = postSolution
		{690DD6FB-395A-4C39-8E7D-C94D50DCEA40}.Debug|Any CPU.ActiveCfg = Debug|Any CPU
		{690DD6FB-395A-4C39-8E7D-C94D50DCEA40}.Debug|Any CPU.Build.0 = Debug|Any CPU
		{690DD6FB-395A-4C39-8E7D-C94D50DCEA40}.Release|Any CPU.ActiveCfg = Release|Any CPU
		{690DD6FB-395A-4C39-8E7D-C94D50DCEA40}.Release|Any CPU.Build.0 = Release|Any CPU
	EndGlobalSection
	GlobalSection(SolutionProperties) = preSolution
		HideSolutionNode = FALSE
	EndGlobalSection
	GlobalSection(ExtensibilityGlobals) = postSolution
		SolutionGuid = {EC5AC73B-C3C4-450A-BC95-DC56D66BFA5E}
	EndGlobalSection
EndGlobal
